
Microsoft Visual Studio Solution File, Format Version 12.00
# Visual Studio Version 16
VisualStudioVersion = 16.0.30611.23
MinimumVisualStudioVersion = 10.0.40219.1
Project("{FAE04EC0-301F-11D3-BF4B-00C04F79EFBC}") = "HeronSeTriangulo", "HeronSeTriangulo\HeronSeTriangulo.csproj", "{0B5B41D9-5B43-4964-89E8-534B51612BAE}"
EndProject
Global
	GlobalSection(SolutionConfigurationPlatforms) = preSolution
		Debug|Any CPU = Debug|Any CPU
		Release|Any CPU = Release|Any CPU
	EndGlobalSection
	GlobalSection(ProjectConfigurationPlatforms) = postSolution
		{0B5B41D9-5B43-4964-89E8-534B51612BAE}.Debug|Any CPU.ActiveCfg = Debug|Any CPU
		{0B5B41D9-5B43-4964-89E8-534B51612BAE}.Debug|Any CPU.Build.0 = Debug|Any CPU
		{0B5B41D9-5B43-4964-89E8-534B51612BAE}.Release|Any CPU.ActiveCfg = Release|Any CPU
		{0B5B41D9-5B43-4964-89E8-534B51612BAE}.Release|Any CPU.Build.0 = Release|Any CPU
	EndGlobalSection
	GlobalSection(SolutionProperties) = preSolution
		HideSolutionNode = FALSE
	EndGlobalSection
	GlobalSection(ExtensibilityGlobals) = postSolution
		SolutionGuid = {E58B0D73-48FC-41D7-8F2D-0FF768FB87AE}
	EndGlobalSection
EndGlobal
